
Microsoft Visual Studio Solution File, Format Version 12.00
# Visual Studio Version 17
VisualStudioVersion = 17.14.36109.1
MinimumVisualStudioVersion = 10.0.40219.1
Project("{FAE04EC0-301F-11D3-BF4B-00C04F79EFBC}") = "ProyectoIntegradorFinal", "ProyectoIntegradorFinal\ProyectoIntegradorFinal.csproj", "{8723992A-8327-4C1F-BD17-74EABA62DE5E}"
EndProject
Global
	GlobalSection(SolutionConfigurationPlatforms) = preSolution
		Debug|Any CPU = Debug|Any CPU
		Release|Any CPU = Release|Any CPU
	EndGlobalSection
	GlobalSection(ProjectConfigurationPlatforms) = postSolution
		{8723992A-8327-4C1F-BD17-74EABA62DE5E}.Debug|Any CPU.ActiveCfg = Debug|Any CPU
		{8723992A-8327-4C1F-BD17-74EABA62DE5E}.Debug|Any CPU.Build.0 = Debug|Any CPU
		{8723992A-8327-4C1F-BD17-74EABA62DE5E}.Release|Any CPU.ActiveCfg = Release|Any CPU
		{8723992A-8327-4C1F-BD17-74EABA62DE5E}.Release|Any CPU.Build.0 = Release|Any CPU
	EndGlobalSection
	GlobalSection(SolutionProperties) = preSolution
		HideSolutionNode = FALSE
	EndGlobalSection
	GlobalSection(ExtensibilityGlobals) = postSolution
		SolutionGuid = {12287D9E-96C3-4ACD-9951-BB0C41F8B7DA}
	EndGlobalSection
EndGlobal
